
Microsoft Visual Studio Solution File, Format Version 12.00
# Visual Studio Version 16
VisualStudioVersion = 16.0.32901.82
MinimumVisualStudioVersion = 10.0.40219.1
Project("{8BC9CEB8-8B4A-11D0-8D11-00A0C91BC942}") = "ConvTest", "ConvTest\ConvTest.vcxproj", "{008B2CDE-6F7A-412B-A5EC-EC542788A987}"
EndProject
Global
	GlobalSection(SolutionConfigurationPlatforms) = preSolution
		Debug|Win32 = Debug|Win32
		Release|Win32 = Release|Win32
	EndGlobalSection
	GlobalSection(ProjectConfigurationPlatforms) = postSolution
		{008B2CDE-6F7A-412B-A5EC-EC542788A987}.Debug|Win32.ActiveCfg = Debug|Win32
		{008B2CDE-6F7A-412B-A5EC-EC542788A987}.Debug|Win32.Build.0 = Debug|Win32
		{008B2CDE-6F7A-412B-A5EC-EC542788A987}.Release|Win32.ActiveCfg = Release|Win32
		{008B2CDE-6F7A-412B-A5EC-EC542788A987}.Release|Win32.Build.0 = Release|Win32
	EndGlobalSection
	GlobalSection(SolutionProperties) = preSolution
		HideSolutionNode = FALSE
	EndGlobalSection
	GlobalSection(ExtensibilityGlobals) = postSolution
		SolutionGuid = {E13A4224-6DDF-41C7-B16A-C18B96324836}
	EndGlobalSection
EndGlobal
